
Microsoft Visual Studio Solution File, Format Version 12.00
# Visual Studio Version 16
VisualStudioVersion = 16.0.29920.165
MinimumVisualStudioVersion = 10.0.40219.1
Project("{2150E333-8FDC-42A3-9474-1A3956D46DE8}") = "MySQL", "MySQL", "{91E099C6-42B9-4A67-B80F-DCBA1B22C021}"
EndProject
Project("{2150E333-8FDC-42A3-9474-1A3956D46DE8}") = "SqlServer", "SqlServer", "{217788E6-CB00-47A3-947C-55F3901CB837}"
EndProject
Project("{2150E333-8FDC-42A3-9474-1A3956D46DE8}") = "Oracle", "Oracle", "{D33B9883-7CA2-4865-A5E4-0E38CE523A24}"
EndProject
Project("{2150E333-8FDC-42A3-9474-1A3956D46DE8}") = "Redis", "Redis", "{6D6C6FE0-4824-4F30-9755-805028AFAACC}"
EndProject
Project("{2150E333-8FDC-42A3-9474-1A3956D46DE8}") = "Mongo", "Mongo", "{145D777A-5CC6-43BD-AF0E-3ABEA38A009C}"
EndProject
Project("{9A19103F-16F7-4668-BE54-9A1E7A4F7556}") = "Common", "Common\Common.csproj", "{083E8D93-AF10-4AFD-9E21-9F8DB557CCA3}"
EndProject
Project("{9A19103F-16F7-4668-BE54-9A1E7A4F7556}") = "MongoAPI", "MongoAPI\MongoAPI.csproj", "{3A5987BC-F686-4BB9-B601-3B0BDDB3DB85}"
EndProject
Project("{9A19103F-16F7-4668-BE54-9A1E7A4F7556}") = "MongoModel", "MongoModel\MongoModel.csproj", "{0ABAD70D-6682-4FD6-AF83-4B088BBC4B82}"
EndProject
Project("{9A19103F-16F7-4668-BE54-9A1E7A4F7556}") = "MongoTest", "MongoTest\MongoTest.csproj", "{E36FA4B3-5E5A-4F57-8438-E1B49019BC4F}"
EndProject
Project("{9A19103F-16F7-4668-BE54-9A1E7A4F7556}") = "RedisModel", "RedisModel\RedisModel.csproj", "{05FEA660-33A1-4588-A640-1E9F08F38555}"
EndProject
Project("{9A19103F-16F7-4668-BE54-9A1E7A4F7556}") = "RedisConsoleApp", "RedisConsoleApp\RedisConsoleApp.csproj", "{59755E1F-AC90-48B4-A275-69A735BDC70D}"
EndProject
Project("{FAE04EC0-301F-11D3-BF4B-00C04F79EFBC}") = "MySQL_NetCore_EFCore", "MySQL_NetCore_EFCore\MySQL_NetCore_EFCore.csproj", "{0B68D76D-BE90-424D-8789-905C3D3157C2}"
EndProject
Project("{FAE04EC0-301F-11D3-BF4B-00C04F79EFBC}") = "MySQL_Net_SqlSugar", "MySQL_Net_SqlSugar\MySQL_Net_SqlSugar.csproj", "{47E58412-57DE-4889-A6A1-9E19F2E4F8B3}"
EndProject
Project("{FAE04EC0-301F-11D3-BF4B-00C04F79EFBC}") = "MySQL_NetCore_SqlSugar", "MySQL_NetCore_SqlSugar\MySQL_NetCore_SqlSugar.csproj", "{842384EE-70B3-45D2-BEB9-D3DAA782C8F0}"
EndProject
Global
	GlobalSection(SolutionConfigurationPlatforms) = preSolution
		Debug|Any CPU = Debug|Any CPU
		Release|Any CPU = Release|Any CPU
	EndGlobalSection
	GlobalSection(ProjectConfigurationPlatforms) = postSolution
		{083E8D93-AF10-4AFD-9E21-9F8DB557CCA3}.Debug|Any CPU.ActiveCfg = Debug|Any CPU
		{083E8D93-AF10-4AFD-9E21-9F8DB557CCA3}.Debug|Any CPU.Build.0 = Debug|Any CPU
		{083E8D93-AF10-4AFD-9E21-9F8DB557CCA3}.Release|Any CPU.ActiveCfg = Release|Any CPU
		{083E8D93-AF10-4AFD-9E21-9F8DB557CCA3}.Release|Any CPU.Build.0 = Release|Any CPU
		{3A5987BC-F686-4BB9-B601-3B0BDDB3DB85}.Debug|Any CPU.ActiveCfg = Debug|Any CPU
		{3A5987BC-F686-4BB9-B601-3B0BDDB3DB85}.Debug|Any CPU.Build.0 = Debug|Any CPU
		{3A5987BC-F686-4BB9-B601-3B0BDDB3DB85}.Release|Any CPU.ActiveCfg = Release|Any CPU
		{3A5987BC-F686-4BB9-B601-3B0BDDB3DB85}.Release|Any CPU.Build.0 = Release|Any CPU
		{0ABAD70D-6682-4FD6-AF83-4B088BBC4B82}.Debug|Any CPU.ActiveCfg = Debug|Any CPU
		{0ABAD70D-6682-4FD6-AF83-4B088BBC4B82}.Debug|Any CPU.Build.0 = Debug|Any CPU
		{0ABAD70D-6682-4FD6-AF83-4B088BBC4B82}.Release|Any CPU.ActiveCfg = Release|Any CPU
		{0ABAD70D-6682-4FD6-AF83-4B088BBC4B82}.Release|Any CPU.Build.0 = Release|Any CPU
		{E36FA4B3-5E5A-4F57-8438-E1B49019BC4F}.Debug|Any CPU.ActiveCfg = Debug|Any CPU
		{E36FA4B3-5E5A-4F57-8438-E1B49019BC4F}.Debug|Any CPU.Build.0 = Debug|Any CPU
		{E36FA4B3-5E5A-4F57-8438-E1B49019BC4F}.Release|Any CPU.ActiveCfg = Release|Any CPU
		{E36FA4B3-5E5A-4F57-8438-E1B49019BC4F}.Release|Any CPU.Build.0 = Release|Any CPU
		{05FEA660-33A1-4588-A640-1E9F08F38555}.Debug|Any CPU.ActiveCfg = Debug|Any CPU
		{05FEA660-33A1-4588-A640-1E9F08F38555}.Debug|Any CPU.Build.0 = Debug|Any CPU
		{05FEA660-33A1-4588-A640-1E9F08F38555}.Release|Any CPU.ActiveCfg = Release|Any CPU
		{05FEA660-33A1-4588-A640-1E9F08F38555}.Release|Any CPU.Build.0 = Release|Any CPU
		{59755E1F-AC90-48B4-A275-69A735BDC70D}.Debug|Any CPU.ActiveCfg = Debug|Any CPU
		{59755E1F-AC90-48B4-A275-69A735BDC70D}.Debug|Any CPU.Build.0 = Debug|Any CPU
		{59755E1F-AC90-48B4-A275-69A735BDC70D}.Release|Any CPU.ActiveCfg = Release|Any CPU
		{59755E1F-AC90-48B4-A275-69A735BDC70D}.Release|Any CPU.Build.0 = Release|Any CPU
		{0B68D76D-BE90-424D-8789-905C3D3157C2}.Debug|Any CPU.ActiveCfg = Debug|Any CPU
		{0B68D76D-BE90-424D-8789-905C3D3157C2}.Debug|Any CPU.Build.0 = Debug|Any CPU
		{0B68D76D-BE90-424D-8789-905C3D3157C2}.Release|Any CPU.ActiveCfg = Release|Any CPU
		{0B68D76D-BE90-424D-8789-905C3D3157C2}.Release|Any CPU.Build.0 = Release|Any CPU
		{47E58412-57DE-4889-A6A1-9E19F2E4F8B3}.Debug|Any CPU.ActiveCfg = Debug|Any CPU
		{47E58412-57DE-4889-A6A1-9E19F2E4F8B3}.Debug|Any CPU.Build.0 = Debug|Any CPU
		{47E58412-57DE-4889-A6A1-9E19F2E4F8B3}.Release|Any CPU.ActiveCfg = Release|Any CPU
		{47E58412-57DE-4889-A6A1-9E19F2E4F8B3}.Release|Any CPU.Build.0 = Release|Any CPU
		{842384EE-70B3-45D2-BEB9-D3DAA782C8F0}.Debug|Any CPU.ActiveCfg = Debug|Any CPU
		{842384EE-70B3-45D2-BEB9-D3DAA782C8F0}.Debug|Any CPU.Build.0 = Debug|Any CPU
		{842384EE-70B3-45D2-BEB9-D3DAA782C8F0}.Release|Any CPU.ActiveCfg = Release|Any CPU
		{842384EE-70B3-45D2-BEB9-D3DAA782C8F0}.Release|Any CPU.Build.0 = Release|Any CPU
	EndGlobalSection
	GlobalSection(SolutionProperties) = preSolution
		HideSolutionNode = FALSE
	EndGlobalSection
	GlobalSection(NestedProjects) = preSolution
		{3A5987BC-F686-4BB9-B601-3B0BDDB3DB85} = {145D777A-5CC6-43BD-AF0E-3ABEA38A009C}
		{0ABAD70D-6682-4FD6-AF83-4B088BBC4B82} = {145D777A-5CC6-43BD-AF0E-3ABEA38A009C}
		{E36FA4B3-5E5A-4F57-8438-E1B49019BC4F} = {145D777A-5CC6-43BD-AF0E-3ABEA38A009C}
		{05FEA660-33A1-4588-A640-1E9F08F38555} = {6D6C6FE0-4824-4F30-9755-805028AFAACC}
		{59755E1F-AC90-48B4-A275-69A735BDC70D} = {6D6C6FE0-4824-4F30-9755-805028AFAACC}
		{0B68D76D-BE90-424D-8789-905C3D3157C2} = {91E099C6-42B9-4A67-B80F-DCBA1B22C021}
		{47E58412-57DE-4889-A6A1-9E19F2E4F8B3} = {91E099C6-42B9-4A67-B80F-DCBA1B22C021}
		{842384EE-70B3-45D2-BEB9-D3DAA782C8F0} = {91E099C6-42B9-4A67-B80F-DCBA1B22C021}
	EndGlobalSection
	GlobalSection(ExtensibilityGlobals) = postSolution
		SolutionGuid = {2390F039-27AB-4540-A6CF-C510071F9632}
	EndGlobalSection
EndGlobal
